{
  "pins" : [
    {
      "identity" : "cxxcoreaudio",
      "kind" : "remoteSourceControl",
      "location" : "https://github.com/sbooth/CXXCoreAudio",
      "state" : {
        "branch" : "main",
        "revision" : "a1c60a9207d0471816350db038d791fa34f753c4"
      }
    }
  ],
  "version" : 2
}
